
Microsoft Visual Studio Solution File, Format Version 12.00
# Visual Studio Version 16
VisualStudioVersion = 16.0.30404.54
MinimumVisualStudioVersion = 10.0.40219.1
Project("{FAE04EC0-301F-11D3-BF4B-00C04F79EFBC}") = "TimeTracker.UWP", "TimeTracker.UWP\TimeTracker.UWP.csproj", "{7333F1D4-4D58-4C4A-8F27-4686BBDC02EF}"
EndProject
Project("{9A19103F-16F7-4668-BE54-9A1E7A4F7556}") = "TimeTracker.Core", "TimeTracker.UWP.Core\TimeTracker.Core.csproj", "{6D237573-E9BD-445D-87EF-4C311F613F25}"
EndProject
Project("{9A19103F-16F7-4668-BE54-9A1E7A4F7556}") = "TimeTracker.WebApi", "TimeTracker.UWP.WebApi\TimeTracker.WebApi.csproj", "{8E801492-29F6-4C6A-A292-022916ED834A}"
EndProject
Project("{FAE04EC0-301F-11D3-BF4B-00C04F79EFBC}") = "Okta.Xamarin.UWP", "ext\Okta.Xamarin\Okta.Xamarin.UWP\Okta.Xamarin.UWP.csproj", "{772D0C03-592E-4478-A25F-E336BE66E10F}"
EndProject
Project("{9A19103F-16F7-4668-BE54-9A1E7A4F7556}") = "Okta.Xamarin", "ext\Okta.Xamarin\Okta.Xamarin\Okta.Xamarin.csproj", "{09AF1BF0-11DA-4FC5-85AB-34DAE38225D9}"
EndProject
Global
	GlobalSection(SolutionConfigurationPlatforms) = preSolution
		Debug|Any CPU = Debug|Any CPU
		Debug|ARM = Debug|ARM
		Debug|ARM64 = Debug|ARM64
		Debug|x64 = Debug|x64
		Debug|x86 = Debug|x86
		Release|Any CPU = Release|Any CPU
		Release|ARM = Release|ARM
		Release|ARM64 = Release|ARM64
		Release|x64 = Release|x64
		Release|x86 = Release|x86
	EndGlobalSection
	GlobalSection(ProjectConfigurationPlatforms) = postSolution
		{7333F1D4-4D58-4C4A-8F27-4686BBDC02EF}.Debug|Any CPU.ActiveCfg = Debug|x86
		{7333F1D4-4D58-4C4A-8F27-4686BBDC02EF}.Debug|ARM.ActiveCfg = Debug|ARM
		{7333F1D4-4D58-4C4A-8F27-4686BBDC02EF}.Debug|ARM.Build.0 = Debug|ARM
		{7333F1D4-4D58-4C4A-8F27-4686BBDC02EF}.Debug|ARM.Deploy.0 = Debug|ARM
		{7333F1D4-4D58-4C4A-8F27-4686BBDC02EF}.Debug|ARM64.ActiveCfg = Debug|ARM64
		{7333F1D4-4D58-4C4A-8F27-4686BBDC02EF}.Debug|ARM64.Build.0 = Debug|ARM64
		{7333F1D4-4D58-4C4A-8F27-4686BBDC02EF}.Debug|ARM64.Deploy.0 = Debug|ARM64
		{7333F1D4-4D58-4C4A-8F27-4686BBDC02EF}.Debug|x64.ActiveCfg = Debug|x64
		{7333F1D4-4D58-4C4A-8F27-4686BBDC02EF}.Debug|x64.Build.0 = Debug|x64
		{7333F1D4-4D58-4C4A-8F27-4686BBDC02EF}.Debug|x64.Deploy.0 = Debug|x64
		{7333F1D4-4D58-4C4A-8F27-4686BBDC02EF}.Debug|x86.ActiveCfg = Debug|x86
		{7333F1D4-4D58-4C4A-8F27-4686BBDC02EF}.Debug|x86.Build.0 = Debug|x86
		{7333F1D4-4D58-4C4A-8F27-4686BBDC02EF}.Debug|x86.Deploy.0 = Debug|x86
		{7333F1D4-4D58-4C4A-8F27-4686BBDC02EF}.Release|Any CPU.ActiveCfg = Release|x86
		{7333F1D4-4D58-4C4A-8F27-4686BBDC02EF}.Release|ARM.ActiveCfg = Release|ARM
		{7333F1D4-4D58-4C4A-8F27-4686BBDC02EF}.Release|ARM.Build.0 = Release|ARM
		{7333F1D4-4D58-4C4A-8F27-4686BBDC02EF}.Release|ARM.Deploy.0 = Release|ARM
		{7333F1D4-4D58-4C4A-8F27-4686BBDC02EF}.Release|ARM64.ActiveCfg = Release|ARM64
		{7333F1D4-4D58-4C4A-8F27-4686BBDC02EF}.Release|ARM64.Build.0 = Release|ARM64
		{7333F1D4-4D58-4C4A-8F27-4686BBDC02EF}.Release|ARM64.Deploy.0 = Release|ARM64
		{7333F1D4-4D58-4C4A-8F27-4686BBDC02EF}.Release|x64.ActiveCfg = Release|x64
		{7333F1D4-4D58-4C4A-8F27-4686BBDC02EF}.Release|x64.Build.0 = Release|x64
		{7333F1D4-4D58-4C4A-8F27-4686BBDC02EF}.Release|x64.Deploy.0 = Release|x64
		{7333F1D4-4D58-4C4A-8F27-4686BBDC02EF}.Release|x86.ActiveCfg = Release|x86
		{7333F1D4-4D58-4C4A-8F27-4686BBDC02EF}.Release|x86.Build.0 = Release|x86
		{7333F1D4-4D58-4C4A-8F27-4686BBDC02EF}.Release|x86.Deploy.0 = Release|x86
		{6D237573-E9BD-445D-87EF-4C311F613F25}.Debug|Any CPU.ActiveCfg = Debug|Any CPU
		{6D237573-E9BD-445D-87EF-4C311F613F25}.Debug|Any CPU.Build.0 = Debug|Any CPU
		{6D237573-E9BD-445D-87EF-4C311F613F25}.Debug|ARM.ActiveCfg = Debug|Any CPU
		{6D237573-E9BD-445D-87EF-4C311F613F25}.Debug|ARM.Build.0 = Debug|Any CPU
		{6D237573-E9BD-445D-87EF-4C311F613F25}.Debug|ARM64.ActiveCfg = Debug|Any CPU
		{6D237573-E9BD-445D-87EF-4C311F613F25}.Debug|ARM64.Build.0 = Debug|Any CPU
		{6D237573-E9BD-445D-87EF-4C311F613F25}.Debug|x64.ActiveCfg = Debug|Any CPU
		{6D237573-E9BD-445D-87EF-4C311F613F25}.Debug|x64.Build.0 = Debug|Any CPU
		{6D237573-E9BD-445D-87EF-4C311F613F25}.Debug|x86.ActiveCfg = Debug|Any CPU
		{6D237573-E9BD-445D-87EF-4C311F613F25}.Debug|x86.Build.0 = Debug|Any CPU
		{6D237573-E9BD-445D-87EF-4C311F613F25}.Release|Any CPU.ActiveCfg = Release|Any CPU
		{6D237573-E9BD-445D-87EF-4C311F613F25}.Release|Any CPU.Build.0 = Release|Any CPU
		{6D237573-E9BD-445D-87EF-4C311F613F25}.Release|ARM.ActiveCfg = Release|Any CPU
		{6D237573-E9BD-445D-87EF-4C311F613F25}.Release|ARM.Build.0 = Release|Any CPU
		{6D237573-E9BD-445D-87EF-4C311F613F25}.Release|ARM64.ActiveCfg = Release|Any CPU
		{6D237573-E9BD-445D-87EF-4C311F613F25}.Release|ARM64.Build.0 = Release|Any CPU
		{6D237573-E9BD-445D-87EF-4C311F613F25}.Release|x64.ActiveCfg = Release|Any CPU
		{6D237573-E9BD-445D-87EF-4C311F613F25}.Release|x64.Build.0 = Release|Any CPU
		{6D237573-E9BD-445D-87EF-4C311F613F25}.Release|x86.ActiveCfg = Release|Any CPU
		{6D237573-E9BD-445D-87EF-4C311F613F25}.Release|x86.Build.0 = Release|Any CPU
		{8E801492-29F6-4C6A-A292-022916ED834A}.Debug|Any CPU.ActiveCfg = Debug|Any CPU
		{8E801492-29F6-4C6A-A292-022916ED834A}.Debug|Any CPU.Build.0 = Debug|Any CPU
		{8E801492-29F6-4C6A-A292-022916ED834A}.Debug|ARM.ActiveCfg = Debug|Any CPU
		{8E801492-29F6-4C6A-A292-022916ED834A}.Debug|ARM.Build.0 = Debug|Any CPU
		{8E801492-29F6-4C6A-A292-022916ED834A}.Debug|ARM64.ActiveCfg = Debug|Any CPU
		{8E801492-29F6-4C6A-A292-022916ED834A}.Debug|ARM64.Build.0 = Debug|Any CPU
		{8E801492-29F6-4C6A-A292-022916ED834A}.Debug|x64.ActiveCfg = Debug|Any CPU
		{8E801492-29F6-4C6A-A292-022916ED834A}.Debug|x64.Build.0 = Debug|Any CPU
		{8E801492-29F6-4C6A-A292-022916ED834A}.Debug|x86.ActiveCfg = Debug|Any CPU
		{8E801492-29F6-4C6A-A292-022916ED834A}.Debug|x86.Build.0 = Debug|Any CPU
		{8E801492-29F6-4C6A-A292-022916ED834A}.Release|Any CPU.ActiveCfg = Release|Any CPU
		{8E801492-29F6-4C6A-A292-022916ED834A}.Release|Any CPU.Build.0 = Release|Any CPU
		{8E801492-29F6-4C6A-A292-022916ED834A}.Release|ARM.ActiveCfg = Release|Any CPU
		{8E801492-29F6-4C6A-A292-022916ED834A}.Release|ARM.Build.0 = Release|Any CPU
		{8E801492-29F6-4C6A-A292-022916ED834A}.Release|ARM64.ActiveCfg = Release|Any CPU
		{8E801492-29F6-4C6A-A292-022916ED834A}.Release|ARM64.Build.0 = Release|Any CPU
		{8E801492-29F6-4C6A-A292-022916ED834A}.Release|x64.ActiveCfg = Release|Any CPU
		{8E801492-29F6-4C6A-A292-022916ED834A}.Release|x64.Build.0 = Release|Any CPU
		{8E801492-29F6-4C6A-A292-022916ED834A}.Release|x86.ActiveCfg = Release|Any CPU
		{8E801492-29F6-4C6A-A292-022916ED834A}.Release|x86.Build.0 = Release|Any CPU
		{772D0C03-592E-4478-A25F-E336BE66E10F}.Debug|Any CPU.ActiveCfg = Debug|Any CPU
		{772D0C03-592E-4478-A25F-E336BE66E10F}.Debug|Any CPU.Build.0 = Debug|Any CPU
		{772D0C03-592E-4478-A25F-E336BE66E10F}.Debug|ARM.ActiveCfg = Debug|ARM
		{772D0C03-592E-4478-A25F-E336BE66E10F}.Debug|ARM.Build.0 = Debug|ARM
		{772D0C03-592E-4478-A25F-E336BE66E10F}.Debug|ARM64.ActiveCfg = Debug|ARM64
		{772D0C03-592E-4478-A25F-E336BE66E10F}.Debug|ARM64.Build.0 = Debug|ARM64
		{772D0C03-592E-4478-A25F-E336BE66E10F}.Debug|x64.ActiveCfg = Debug|x64
		{772D0C03-592E-4478-A25F-E336BE66E10F}.Debug|x64.Build.0 = Debug|x64
		{772D0C03-592E-4478-A25F-E336BE66E10F}.Debug|x86.ActiveCfg = Debug|x86
		{772D0C03-592E-4478-A25F-E336BE66E10F}.Debug|x86.Build.0 = Debug|x86
		{772D0C03-592E-4478-A25F-E336BE66E10F}.Release|Any CPU.ActiveCfg = Release|Any CPU
		{772D0C03-592E-4478-A25F-E336BE66E10F}.Release|Any CPU.Build.0 = Release|Any CPU
		{772D0C03-592E-4478-A25F-E336BE66E10F}.Release|ARM.ActiveCfg = Release|ARM
		{772D0C03-592E-4478-A25F-E336BE66E10F}.Release|ARM.Build.0 = Release|ARM
		{772D0C03-592E-4478-A25F-E336BE66E10F}.Release|ARM64.ActiveCfg = Release|ARM64
		{772D0C03-592E-4478-A25F-E336BE66E10F}.Release|ARM64.Build.0 = Release|ARM64
		{772D0C03-592E-4478-A25F-E336BE66E10F}.Release|x64.ActiveCfg = Release|x64
		{772D0C03-592E-4478-A25F-E336BE66E10F}.Release|x64.Build.0 = Release|x64
		{772D0C03-592E-4478-A25F-E336BE66E10F}.Release|x86.ActiveCfg = Release|x86
		{772D0C03-592E-4478-A25F-E336BE66E10F}.Release|x86.Build.0 = Release|x86
		{09AF1BF0-11DA-4FC5-85AB-34DAE38225D9}.Debug|Any CPU.ActiveCfg = Debug|Any CPU
		{09AF1BF0-11DA-4FC5-85AB-34DAE38225D9}.Debug|Any CPU.Build.0 = Debug|Any CPU
		{09AF1BF0-11DA-4FC5-85AB-34DAE38225D9}.Debug|ARM.ActiveCfg = Debug|Any CPU
		{09AF1BF0-11DA-4FC5-85AB-34DAE38225D9}.Debug|ARM.Build.0 = Debug|Any CPU
		{09AF1BF0-11DA-4FC5-85AB-34DAE38225D9}.Debug|ARM64.ActiveCfg = Debug|Any CPU
		{09AF1BF0-11DA-4FC5-85AB-34DAE38225D9}.Debug|ARM64.Build.0 = Debug|Any CPU
		{09AF1BF0-11DA-4FC5-85AB-34DAE38225D9}.Debug|x64.ActiveCfg = Debug|Any CPU
		{09AF1BF0-11DA-4FC5-85AB-34DAE38225D9}.Debug|x64.Build.0 = Debug|Any CPU
		{09AF1BF0-11DA-4FC5-85AB-34DAE38225D9}.Debug|x86.ActiveCfg = Debug|Any CPU
		{09AF1BF0-11DA-4FC5-85AB-34DAE38225D9}.Debug|x86.Build.0 = Debug|Any CPU
		{09AF1BF0-11DA-4FC5-85AB-34DAE38225D9}.Release|Any CPU.ActiveCfg = Release|Any CPU
		{09AF1BF0-11DA-4FC5-85AB-34DAE38225D9}.Release|Any CPU.Build.0 = Release|Any CPU
		{09AF1BF0-11DA-4FC5-85AB-34DAE38225D9}.Release|ARM.ActiveCfg = Release|Any CPU
		{09AF1BF0-11DA-4FC5-85AB-34DAE38225D9}.Release|ARM.Build.0 = Release|Any CPU
		{09AF1BF0-11DA-4FC5-85AB-34DAE38225D9}.Release|ARM64.ActiveCfg = Release|Any CPU
		{09AF1BF0-11DA-4FC5-85AB-34DAE38225D9}.Release|ARM64.Build.0 = Release|Any CPU
		{09AF1BF0-11DA-4FC5-85AB-34DAE38225D9}.Release|x64.ActiveCfg = Release|Any CPU
		{09AF1BF0-11DA-4FC5-85AB-34DAE38225D9}.Release|x64.Build.0 = Release|Any CPU
		{09AF1BF0-11DA-4FC5-85AB-34DAE38225D9}.Release|x86.ActiveCfg = Release|Any CPU
		{09AF1BF0-11DA-4FC5-85AB-34DAE38225D9}.Release|x86.Build.0 = Release|Any CPU
	EndGlobalSection
	GlobalSection(SolutionProperties) = preSolution
		HideSolutionNode = FALSE
	EndGlobalSection
	GlobalSection(ExtensibilityGlobals) = postSolution
		SolutionGuid = {03425D98-68BB-4548-BEE1-A91C968C2CDF}
	EndGlobalSection
EndGlobal
